
Microsoft Visual Studio Solution File, Format Version 12.00
# Visual Studio Version 16
VisualStudioVersion = 16.0.30523.141
MinimumVisualStudioVersion = 10.0.40219.1
Project("{2150E333-8FDC-42A3-9474-1A3956D46DE8}") = "01 - Presentation", "01 - Presentation", "{9E90FB49-95D1-42EF-BA6E-E29AD84C4400}"
EndProject
Project("{2150E333-8FDC-42A3-9474-1A3956D46DE8}") = "04 - Infrastructure", "04 - Infrastructure", "{7A5F49BB-B645-40BA-93AE-89D89F88F6B2}"
EndProject
Project("{2150E333-8FDC-42A3-9474-1A3956D46DE8}") = "02 - Application", "02 - Application", "{489E49EF-D229-4CE0-A0AF-A5F590FC63AF}"
EndProject
Project("{2150E333-8FDC-42A3-9474-1A3956D46DE8}") = "03 - Domain", "03 - Domain", "{55A6E92A-71CA-4AC8-A688-7B0E06B78EEE}"
EndProject
Project("{2150E333-8FDC-42A3-9474-1A3956D46DE8}") = "99 - Shared", "99 - Shared", "{40D3B3F7-CBFD-4A8E-A53C-5CAB004FB03E}"
EndProject
Project("{2150E333-8FDC-42A3-9474-1A3956D46DE8}") = "src", "src", "{A6DE0133-D204-4572-A418-CED165FD47D2}"
EndProject
Project("{2150E333-8FDC-42A3-9474-1A3956D46DE8}") = "Tests", "Tests", "{D7B581B3-802B-4C29-BE9A-11431CB17027}"
EndProject
Project("{9A19103F-16F7-4668-BE54-9A1E7A4F7556}") = "Prototipo.App", "src\02 - Application\Prototipo.App\Prototipo.App.csproj", "{8AEA5562-89FF-46A9-9BF6-8EF4E9D13295}"
EndProject
Project("{9A19103F-16F7-4668-BE54-9A1E7A4F7556}") = "Prototipo.Contracts", "src\02 - Application\Prototipo.Contracts\Prototipo.Contracts.csproj", "{241FA529-1494-4D38-BB5D-14C679B62704}"
EndProject
Project("{9A19103F-16F7-4668-BE54-9A1E7A4F7556}") = "Prototipo.Domain", "src\03 - Domain\Prototipo.Domain\Prototipo.Domain.csproj", "{B9AE5C2C-C0EA-4BF1-A4CE-912E7B7C6BB2}"
EndProject
Project("{9A19103F-16F7-4668-BE54-9A1E7A4F7556}") = "Prototipo.Api", "src\01 - Presentation\Prototipo.Api\Prototipo.Api.csproj", "{67945F25-F786-4C4F-A6A6-DAA7B8B45191}"
EndProject
Project("{2150E333-8FDC-42A3-9474-1A3956D46DE8}") = "Docker", "Docker", "{81D4CF00-42DA-4C92-B7FA-C9696D9253CE}"
	ProjectSection(SolutionItems) = preProject
		.dockerignore = .dockerignore
		docker-compose.yml = docker-compose.yml
	EndProjectSection
EndProject
Project("{2150E333-8FDC-42A3-9474-1A3956D46DE8}") = "Db", "Db", "{6BA85E8F-2217-4E7C-A1DF-BCDBA2A615DF}"
	ProjectSection(SolutionItems) = preProject
		Db\Dockerfile = Db\Dockerfile
		Db\prepare.sql = Db\prepare.sql
	EndProjectSection
EndProject
Global
	GlobalSection(SolutionConfigurationPlatforms) = preSolution
		Debug|Any CPU = Debug|Any CPU
		Release|Any CPU = Release|Any CPU
	EndGlobalSection
	GlobalSection(ProjectConfigurationPlatforms) = postSolution
		{8AEA5562-89FF-46A9-9BF6-8EF4E9D13295}.Debug|Any CPU.ActiveCfg = Debug|Any CPU
		{8AEA5562-89FF-46A9-9BF6-8EF4E9D13295}.Debug|Any CPU.Build.0 = Debug|Any CPU
		{8AEA5562-89FF-46A9-9BF6-8EF4E9D13295}.Release|Any CPU.ActiveCfg = Release|Any CPU
		{8AEA5562-89FF-46A9-9BF6-8EF4E9D13295}.Release|Any CPU.Build.0 = Release|Any CPU
		{241FA529-1494-4D38-BB5D-14C679B62704}.Debug|Any CPU.ActiveCfg = Debug|Any CPU
		{241FA529-1494-4D38-BB5D-14C679B62704}.Debug|Any CPU.Build.0 = Debug|Any CPU
		{241FA529-1494-4D38-BB5D-14C679B62704}.Release|Any CPU.ActiveCfg = Release|Any CPU
		{241FA529-1494-4D38-BB5D-14C679B62704}.Release|Any CPU.Build.0 = Release|Any CPU
		{B9AE5C2C-C0EA-4BF1-A4CE-912E7B7C6BB2}.Debug|Any CPU.ActiveCfg = Debug|Any CPU
		{B9AE5C2C-C0EA-4BF1-A4CE-912E7B7C6BB2}.Debug|Any CPU.Build.0 = Debug|Any CPU
		{B9AE5C2C-C0EA-4BF1-A4CE-912E7B7C6BB2}.Release|Any CPU.ActiveCfg = Release|Any CPU
		{B9AE5C2C-C0EA-4BF1-A4CE-912E7B7C6BB2}.Release|Any CPU.Build.0 = Release|Any CPU
		{67945F25-F786-4C4F-A6A6-DAA7B8B45191}.Debug|Any CPU.ActiveCfg = Debug|Any CPU
		{67945F25-F786-4C4F-A6A6-DAA7B8B45191}.Debug|Any CPU.Build.0 = Debug|Any CPU
		{67945F25-F786-4C4F-A6A6-DAA7B8B45191}.Release|Any CPU.ActiveCfg = Release|Any CPU
		{67945F25-F786-4C4F-A6A6-DAA7B8B45191}.Release|Any CPU.Build.0 = Release|Any CPU
	EndGlobalSection
	GlobalSection(SolutionProperties) = preSolution
		HideSolutionNode = FALSE
	EndGlobalSection
	GlobalSection(NestedProjects) = preSolution
		{9E90FB49-95D1-42EF-BA6E-E29AD84C4400} = {A6DE0133-D204-4572-A418-CED165FD47D2}
		{7A5F49BB-B645-40BA-93AE-89D89F88F6B2} = {A6DE0133-D204-4572-A418-CED165FD47D2}
		{489E49EF-D229-4CE0-A0AF-A5F590FC63AF} = {A6DE0133-D204-4572-A418-CED165FD47D2}
		{55A6E92A-71CA-4AC8-A688-7B0E06B78EEE} = {A6DE0133-D204-4572-A418-CED165FD47D2}
		{40D3B3F7-CBFD-4A8E-A53C-5CAB004FB03E} = {A6DE0133-D204-4572-A418-CED165FD47D2}
		{8AEA5562-89FF-46A9-9BF6-8EF4E9D13295} = {489E49EF-D229-4CE0-A0AF-A5F590FC63AF}
		{241FA529-1494-4D38-BB5D-14C679B62704} = {489E49EF-D229-4CE0-A0AF-A5F590FC63AF}
		{B9AE5C2C-C0EA-4BF1-A4CE-912E7B7C6BB2} = {55A6E92A-71CA-4AC8-A688-7B0E06B78EEE}
		{67945F25-F786-4C4F-A6A6-DAA7B8B45191} = {9E90FB49-95D1-42EF-BA6E-E29AD84C4400}
		{6BA85E8F-2217-4E7C-A1DF-BCDBA2A615DF} = {81D4CF00-42DA-4C92-B7FA-C9696D9253CE}
	EndGlobalSection
	GlobalSection(ExtensibilityGlobals) = postSolution
		SolutionGuid = {B92E7E3F-AF24-4321-B345-8615EB6207A7}
	EndGlobalSection
EndGlobal
